
Microsoft Visual Studio Solution File, Format Version 12.00
# Visual Studio Version 16
VisualStudioVersion = 16.0.28809.33
MinimumVisualStudioVersion = 10.0.40219.1
Project("{FAE04EC0-301F-11D3-BF4B-00C04F79EFBC}") = "MatrixRekenen", "MatrixRekenen\MatrixRekenen.csproj", "{0E9F75C6-2187-4764-AF9D-236A43E7FC30}"
EndProject
Global
	GlobalSection(SolutionConfigurationPlatforms) = preSolution
		Debug|Any CPU = Debug|Any CPU
		Release|Any CPU = Release|Any CPU
	EndGlobalSection
	GlobalSection(ProjectConfigurationPlatforms) = postSolution
		{0E9F75C6-2187-4764-AF9D-236A43E7FC30}.Debug|Any CPU.ActiveCfg = Debug|Any CPU
		{0E9F75C6-2187-4764-AF9D-236A43E7FC30}.Debug|Any CPU.Build.0 = Debug|Any CPU
		{0E9F75C6-2187-4764-AF9D-236A43E7FC30}.Release|Any CPU.ActiveCfg = Release|Any CPU
		{0E9F75C6-2187-4764-AF9D-236A43E7FC30}.Release|Any CPU.Build.0 = Release|Any CPU
	EndGlobalSection
	GlobalSection(SolutionProperties) = preSolution
		HideSolutionNode = FALSE
	EndGlobalSection
	GlobalSection(ExtensibilityGlobals) = postSolution
		SolutionGuid = {C7304FE1-3426-46F8-A21F-E5C42378EA63}
	EndGlobalSection
EndGlobal
